
Microsoft Visual Studio Solution File, Format Version 12.00
# Visual Studio Version 16
VisualStudioVersion = 16.0.36227.6
MinimumVisualStudioVersion = 10.0.40219.1
Project("{8BC9CEB8-8B4A-11D0-8D11-00A0C91BC942}") = "Cupboards", "Cupboards\Cupboards.vcxproj", "{FAC2A5E4-FBA9-4DA6-B6C7-BCF79AE96C23}"
EndProject
Global
	GlobalSection(SolutionConfigurationPlatforms) = preSolution
		Debug|x64 = Debug|x64
		Debug|x86 = Debug|x86
		Release|x64 = Release|x64
		Release|x86 = Release|x86
	EndGlobalSection
	GlobalSection(ProjectConfigurationPlatforms) = postSolution
		{FAC2A5E4-FBA9-4DA6-B6C7-BCF79AE96C23}.Debug|x64.ActiveCfg = Debug|x64
		{FAC2A5E4-FBA9-4DA6-B6C7-BCF79AE96C23}.Debug|x64.Build.0 = Debug|x64
		{FAC2A5E4-FBA9-4DA6-B6C7-BCF79AE96C23}.Debug|x86.ActiveCfg = Debug|Win32
		{FAC2A5E4-FBA9-4DA6-B6C7-BCF79AE96C23}.Debug|x86.Build.0 = Debug|Win32
		{FAC2A5E4-FBA9-4DA6-B6C7-BCF79AE96C23}.Release|x64.ActiveCfg = Release|x64
		{FAC2A5E4-FBA9-4DA6-B6C7-BCF79AE96C23}.Release|x64.Build.0 = Release|x64
		{FAC2A5E4-FBA9-4DA6-B6C7-BCF79AE96C23}.Release|x86.ActiveCfg = Release|Win32
		{FAC2A5E4-FBA9-4DA6-B6C7-BCF79AE96C23}.Release|x86.Build.0 = Release|Win32
	EndGlobalSection
	GlobalSection(SolutionProperties) = preSolution
		HideSolutionNode = FALSE
	EndGlobalSection
	GlobalSection(ExtensibilityGlobals) = postSolution
		SolutionGuid = {DA9605D0-C49C-46E1-870C-CCA3520BA5D4}
	EndGlobalSection
EndGlobal
